{
  "name": "vibetest-demo-app",
  "version": "1.0.0",
  "lockfileVersion": 3,
  "packages": {
    "": {
      "name": "vibetest-demo-app",
      "version": "1.0.0"
    },
    "node_modules/lodash": {
      "version": "4.17.15"
    },
    "node_modules/minimist": {
      "version": "1.2.0"
    },
    "node_modules/axios": {
      "version": "0.21.1"
    }
  }
}
